
Microsoft Visual Studio Solution File, Format Version 12.00
# Visual Studio Version 16
VisualStudioVersion = 16.0.30523.141
MinimumVisualStudioVersion = 10.0.40219.1
Project("{FAE04EC0-301F-11D3-BF4B-00C04F79EFBC}") = "UgraloGomb_", "UgraloGomb_.csproj", "{A6827984-A6BD-4B0A-9265-35A735D67770}"
EndProject
Global
	GlobalSection(SolutionConfigurationPlatforms) = preSolution
		Debug|Any CPU = Debug|Any CPU
		Release|Any CPU = Release|Any CPU
	EndGlobalSection
	GlobalSection(ProjectConfigurationPlatforms) = postSolution
		{A6827984-A6BD-4B0A-9265-35A735D67770}.Debug|Any CPU.ActiveCfg = Debug|Any CPU
		{A6827984-A6BD-4B0A-9265-35A735D67770}.Debug|Any CPU.Build.0 = Debug|Any CPU
		{A6827984-A6BD-4B0A-9265-35A735D67770}.Release|Any CPU.ActiveCfg = Release|Any CPU
		{A6827984-A6BD-4B0A-9265-35A735D67770}.Release|Any CPU.Build.0 = Release|Any CPU
	EndGlobalSection
	GlobalSection(SolutionProperties) = preSolution
		HideSolutionNode = FALSE
	EndGlobalSection
	GlobalSection(ExtensibilityGlobals) = postSolution
		SolutionGuid = {A28F600C-3B94-4FD0-9023-54EBF77FC8F7}
	EndGlobalSection
EndGlobal
